
Microsoft Visual Studio Solution File, Format Version 12.00
# Visual Studio 15
VisualStudioVersion = 15.0.28307.645
MinimumVisualStudioVersion = 10.0.40219.1
Project("{FAE04EC0-301F-11D3-BF4B-00C04F79EFBC}") = "app.Android", "app\app.Android\app.Android.csproj", "{B9A6A487-A6CA-4159-A447-5C4C7BF33BEE}"
EndProject
Project("{FAE04EC0-301F-11D3-BF4B-00C04F79EFBC}") = "app.iOS", "app\app.iOS\app.iOS.csproj", "{08D2DB2F-6A47-44E9-977D-70C06DC79A0D}"
EndProject
Project("{FAE04EC0-301F-11D3-BF4B-00C04F79EFBC}") = "app", "app\app\app.csproj", "{4314B5BC-DA10-4E68-BC04-BCEE0EEB1AAE}"
EndProject
Global
	GlobalSection(SolutionConfigurationPlatforms) = preSolution
		Ad-Hoc|Any CPU = Ad-Hoc|Any CPU
		Ad-Hoc|iPhone = Ad-Hoc|iPhone
		Ad-Hoc|iPhoneSimulator = Ad-Hoc|iPhoneSimulator
		AppStore|Any CPU = AppStore|Any CPU
		AppStore|iPhone = AppStore|iPhone
		AppStore|iPhoneSimulator = AppStore|iPhoneSimulator
		Debug|Any CPU = Debug|Any CPU
		Debug|iPhone = Debug|iPhone
		Debug|iPhoneSimulator = Debug|iPhoneSimulator
		Release|Any CPU = Release|Any CPU
		Release|iPhone = Release|iPhone
		Release|iPhoneSimulator = Release|iPhoneSimulator
	EndGlobalSection
	GlobalSection(ProjectConfigurationPlatforms) = postSolution
		{B9A6A487-A6CA-4159-A447-5C4C7BF33BEE}.Ad-Hoc|Any CPU.ActiveCfg = Release|Any CPU
		{B9A6A487-A6CA-4159-A447-5C4C7BF33BEE}.Ad-Hoc|Any CPU.Build.0 = Release|Any CPU
		{B9A6A487-A6CA-4159-A447-5C4C7BF33BEE}.Ad-Hoc|Any CPU.Deploy.0 = Release|Any CPU
		{B9A6A487-A6CA-4159-A447-5C4C7BF33BEE}.Ad-Hoc|iPhone.ActiveCfg = Release|Any CPU
		{B9A6A487-A6CA-4159-A447-5C4C7BF33BEE}.Ad-Hoc|iPhone.Build.0 = Release|Any CPU
		{B9A6A487-A6CA-4159-A447-5C4C7BF33BEE}.Ad-Hoc|iPhone.Deploy.0 = Release|Any CPU
		{B9A6A487-A6CA-4159-A447-5C4C7BF33BEE}.Ad-Hoc|iPhoneSimulator.ActiveCfg = Release|Any CPU
		{B9A6A487-A6CA-4159-A447-5C4C7BF33BEE}.Ad-Hoc|iPhoneSimulator.Build.0 = Release|Any CPU
		{B9A6A487-A6CA-4159-A447-5C4C7BF33BEE}.Ad-Hoc|iPhoneSimulator.Deploy.0 = Release|Any CPU
		{B9A6A487-A6CA-4159-A447-5C4C7BF33BEE}.AppStore|Any CPU.ActiveCfg = Release|Any CPU
		{B9A6A487-A6CA-4159-A447-5C4C7BF33BEE}.AppStore|Any CPU.Build.0 = Release|Any CPU
		{B9A6A487-A6CA-4159-A447-5C4C7BF33BEE}.AppStore|Any CPU.Deploy.0 = Release|Any CPU
		{B9A6A487-A6CA-4159-A447-5C4C7BF33BEE}.AppStore|iPhone.ActiveCfg = Release|Any CPU
		{B9A6A487-A6CA-4159-A447-5C4C7BF33BEE}.AppStore|iPhone.Build.0 = Release|Any CPU
		{B9A6A487-A6CA-4159-A447-5C4C7BF33BEE}.AppStore|iPhone.Deploy.0 = Release|Any CPU
		{B9A6A487-A6CA-4159-A447-5C4C7BF33BEE}.AppStore|iPhoneSimulator.ActiveCfg = Release|Any CPU
		{B9A6A487-A6CA-4159-A447-5C4C7BF33BEE}.AppStore|iPhoneSimulator.Build.0 = Release|Any CPU
		{B9A6A487-A6CA-4159-A447-5C4C7BF33BEE}.AppStore|iPhoneSimulator.Deploy.0 = Release|Any CPU
		{B9A6A487-A6CA-4159-A447-5C4C7BF33BEE}.Debug|Any CPU.ActiveCfg = Debug|Any CPU
		{B9A6A487-A6CA-4159-A447-5C4C7BF33BEE}.Debug|Any CPU.Build.0 = Debug|Any CPU
		{B9A6A487-A6CA-4159-A447-5C4C7BF33BEE}.Debug|Any CPU.Deploy.0 = Debug|Any CPU
		{B9A6A487-A6CA-4159-A447-5C4C7BF33BEE}.Debug|iPhone.ActiveCfg = Debug|Any CPU
		{B9A6A487-A6CA-4159-A447-5C4C7BF33BEE}.Debug|iPhone.Build.0 = Debug|Any CPU
		{B9A6A487-A6CA-4159-A447-5C4C7BF33BEE}.Debug|iPhone.Deploy.0 = Debug|Any CPU
		{B9A6A487-A6CA-4159-A447-5C4C7BF33BEE}.Debug|iPhoneSimulator.ActiveCfg = Debug|Any CPU
		{B9A6A487-A6CA-4159-A447-5C4C7BF33BEE}.Debug|iPhoneSimulator.Build.0 = Debug|Any CPU
		{B9A6A487-A6CA-4159-A447-5C4C7BF33BEE}.Debug|iPhoneSimulator.Deploy.0 = Debug|Any CPU
		{B9A6A487-A6CA-4159-A447-5C4C7BF33BEE}.Release|Any CPU.ActiveCfg = Release|Any CPU
		{B9A6A487-A6CA-4159-A447-5C4C7BF33BEE}.Release|Any CPU.Build.0 = Release|Any CPU
		{B9A6A487-A6CA-4159-A447-5C4C7BF33BEE}.Release|Any CPU.Deploy.0 = Release|Any CPU
		{B9A6A487-A6CA-4159-A447-5C4C7BF33BEE}.Release|iPhone.ActiveCfg = Release|Any CPU
		{B9A6A487-A6CA-4159-A447-5C4C7BF33BEE}.Release|iPhone.Build.0 = Release|Any CPU
		{B9A6A487-A6CA-4159-A447-5C4C7BF33BEE}.Release|iPhone.Deploy.0 = Release|Any CPU
		{B9A6A487-A6CA-4159-A447-5C4C7BF33BEE}.Release|iPhoneSimulator.ActiveCfg = Release|Any CPU
		{B9A6A487-A6CA-4159-A447-5C4C7BF33BEE}.Release|iPhoneSimulator.Build.0 = Release|Any CPU
		{B9A6A487-A6CA-4159-A447-5C4C7BF33BEE}.Release|iPhoneSimulator.Deploy.0 = Release|Any CPU
		{08D2DB2F-6A47-44E9-977D-70C06DC79A0D}.Ad-Hoc|Any CPU.ActiveCfg = Ad-Hoc|iPhone
		{08D2DB2F-6A47-44E9-977D-70C06DC79A0D}.Ad-Hoc|Any CPU.Build.0 = Ad-Hoc|iPhone
		{08D2DB2F-6A47-44E9-977D-70C06DC79A0D}.Ad-Hoc|Any CPU.Deploy.0 = Ad-Hoc|iPhone
		{08D2DB2F-6A47-44E9-977D-70C06DC79A0D}.Ad-Hoc|iPhone.ActiveCfg = Ad-Hoc|iPhone
		{08D2DB2F-6A47-44E9-977D-70C06DC79A0D}.Ad-Hoc|iPhone.Build.0 = Ad-Hoc|iPhone
		{08D2DB2F-6A47-44E9-977D-70C06DC79A0D}.Ad-Hoc|iPhone.Deploy.0 = Ad-Hoc|iPhone
		{08D2DB2F-6A47-44E9-977D-70C06DC79A0D}.Ad-Hoc|iPhoneSimulator.ActiveCfg = Ad-Hoc|iPhoneSimulator
		{08D2DB2F-6A47-44E9-977D-70C06DC79A0D}.Ad-Hoc|iPhoneSimulator.Build.0 = Ad-Hoc|iPhoneSimulator
		{08D2DB2F-6A47-44E9-977D-70C06DC79A0D}.Ad-Hoc|iPhoneSimulator.Deploy.0 = Ad-Hoc|iPhoneSimulator
		{08D2DB2F-6A47-44E9-977D-70C06DC79A0D}.AppStore|Any CPU.ActiveCfg = AppStore|iPhone
		{08D2DB2F-6A47-44E9-977D-70C06DC79A0D}.AppStore|Any CPU.Build.0 = AppStore|iPhone
		{08D2DB2F-6A47-44E9-977D-70C06DC79A0D}.AppStore|Any CPU.Deploy.0 = AppStore|iPhone
		{08D2DB2F-6A47-44E9-977D-70C06DC79A0D}.AppStore|iPhone.ActiveCfg = AppStore|iPhone
		{08D2DB2F-6A47-44E9-977D-70C06DC79A0D}.AppStore|iPhone.Build.0 = AppStore|iPhone
		{08D2DB2F-6A47-44E9-977D-70C06DC79A0D}.AppStore|iPhone.Deploy.0 = AppStore|iPhone
		{08D2DB2F-6A47-44E9-977D-70C06DC79A0D}.AppStore|iPhoneSimulator.ActiveCfg = AppStore|iPhoneSimulator
		{08D2DB2F-6A47-44E9-977D-70C06DC79A0D}.AppStore|iPhoneSimulator.Build.0 = AppStore|iPhoneSimulator
		{08D2DB2F-6A47-44E9-977D-70C06DC79A0D}.AppStore|iPhoneSimulator.Deploy.0 = AppStore|iPhoneSimulator
		{08D2DB2F-6A47-44E9-977D-70C06DC79A0D}.Debug|Any CPU.ActiveCfg = Debug|iPhoneSimulator
		{08D2DB2F-6A47-44E9-977D-70C06DC79A0D}.Debug|Any CPU.Build.0 = Debug|iPhoneSimulator
		{08D2DB2F-6A47-44E9-977D-70C06DC79A0D}.Debug|Any CPU.Deploy.0 = Debug|iPhoneSimulator
		{08D2DB2F-6A47-44E9-977D-70C06DC79A0D}.Debug|iPhone.ActiveCfg = Debug|iPhone
		{08D2DB2F-6A47-44E9-977D-70C06DC79A0D}.Debug|iPhone.Build.0 = Debug|iPhone
		{08D2DB2F-6A47-44E9-977D-70C06DC79A0D}.Debug|iPhone.Deploy.0 = Debug|iPhone
		{08D2DB2F-6A47-44E9-977D-70C06DC79A0D}.Debug|iPhoneSimulator.ActiveCfg = Debug|iPhoneSimulator
		{08D2DB2F-6A47-44E9-977D-70C06DC79A0D}.Debug|iPhoneSimulator.Build.0 = Debug|iPhoneSimulator
		{08D2DB2F-6A47-44E9-977D-70C06DC79A0D}.Debug|iPhoneSimulator.Deploy.0 = Debug|iPhoneSimulator
		{08D2DB2F-6A47-44E9-977D-70C06DC79A0D}.Release|Any CPU.ActiveCfg = Release|iPhone
		{08D2DB2F-6A47-44E9-977D-70C06DC79A0D}.Release|Any CPU.Build.0 = Release|iPhone
		{08D2DB2F-6A47-44E9-977D-70C06DC79A0D}.Release|Any CPU.Deploy.0 = Release|iPhone
		{08D2DB2F-6A47-44E9-977D-70C06DC79A0D}.Release|iPhone.ActiveCfg = Release|iPhone
		{08D2DB2F-6A47-44E9-977D-70C06DC79A0D}.Release|iPhone.Build.0 = Release|iPhone
		{08D2DB2F-6A47-44E9-977D-70C06DC79A0D}.Release|iPhone.Deploy.0 = Release|iPhone
		{08D2DB2F-6A47-44E9-977D-70C06DC79A0D}.Release|iPhoneSimulator.ActiveCfg = Release|iPhoneSimulator
		{08D2DB2F-6A47-44E9-977D-70C06DC79A0D}.Release|iPhoneSimulator.Build.0 = Release|iPhoneSimulator
		{08D2DB2F-6A47-44E9-977D-70C06DC79A0D}.Release|iPhoneSimulator.Deploy.0 = Release|iPhoneSimulator
		{4314B5BC-DA10-4E68-BC04-BCEE0EEB1AAE}.Ad-Hoc|Any CPU.ActiveCfg = Debug|Any CPU
		{4314B5BC-DA10-4E68-BC04-BCEE0EEB1AAE}.Ad-Hoc|Any CPU.Build.0 = Debug|Any CPU
		{4314B5BC-DA10-4E68-BC04-BCEE0EEB1AAE}.Ad-Hoc|Any CPU.Deploy.0 = Debug|Any CPU
		{4314B5BC-DA10-4E68-BC04-BCEE0EEB1AAE}.Ad-Hoc|iPhone.ActiveCfg = Debug|Any CPU
		{4314B5BC-DA10-4E68-BC04-BCEE0EEB1AAE}.Ad-Hoc|iPhone.Build.0 = Debug|Any CPU
		{4314B5BC-DA10-4E68-BC04-BCEE0EEB1AAE}.Ad-Hoc|iPhone.Deploy.0 = Debug|Any CPU
		{4314B5BC-DA10-4E68-BC04-BCEE0EEB1AAE}.Ad-Hoc|iPhoneSimulator.ActiveCfg = Debug|Any CPU
		{4314B5BC-DA10-4E68-BC04-BCEE0EEB1AAE}.Ad-Hoc|iPhoneSimulator.Build.0 = Debug|Any CPU
		{4314B5BC-DA10-4E68-BC04-BCEE0EEB1AAE}.Ad-Hoc|iPhoneSimulator.Deploy.0 = Debug|Any CPU
		{4314B5BC-DA10-4E68-BC04-BCEE0EEB1AAE}.AppStore|Any CPU.ActiveCfg = Debug|Any CPU
		{4314B5BC-DA10-4E68-BC04-BCEE0EEB1AAE}.AppStore|Any CPU.Build.0 = Debug|Any CPU
		{4314B5BC-DA10-4E68-BC04-BCEE0EEB1AAE}.AppStore|Any CPU.Deploy.0 = Debug|Any CPU
		{4314B5BC-DA10-4E68-BC04-BCEE0EEB1AAE}.AppStore|iPhone.ActiveCfg = Debug|Any CPU
		{4314B5BC-DA10-4E68-BC04-BCEE0EEB1AAE}.AppStore|iPhone.Build.0 = Debug|Any CPU
		{4314B5BC-DA10-4E68-BC04-BCEE0EEB1AAE}.AppStore|iPhone.Deploy.0 = Debug|Any CPU
		{4314B5BC-DA10-4E68-BC04-BCEE0EEB1AAE}.AppStore|iPhoneSimulator.ActiveCfg = Debug|Any CPU
		{4314B5BC-DA10-4E68-BC04-BCEE0EEB1AAE}.AppStore|iPhoneSimulator.Build.0 = Debug|Any CPU
		{4314B5BC-DA10-4E68-BC04-BCEE0EEB1AAE}.AppStore|iPhoneSimulator.Deploy.0 = Debug|Any CPU
		{4314B5BC-DA10-4E68-BC04-BCEE0EEB1AAE}.Debug|Any CPU.ActiveCfg = Debug|Any CPU
		{4314B5BC-DA10-4E68-BC04-BCEE0EEB1AAE}.Debug|Any CPU.Build.0 = Debug|Any CPU
		{4314B5BC-DA10-4E68-BC04-BCEE0EEB1AAE}.Debug|Any CPU.Deploy.0 = Debug|Any CPU
		{4314B5BC-DA10-4E68-BC04-BCEE0EEB1AAE}.Debug|iPhone.ActiveCfg = Debug|Any CPU
		{4314B5BC-DA10-4E68-BC04-BCEE0EEB1AAE}.Debug|iPhone.Build.0 = Debug|Any CPU
		{4314B5BC-DA10-4E68-BC04-BCEE0EEB1AAE}.Debug|iPhone.Deploy.0 = Debug|Any CPU
		{4314B5BC-DA10-4E68-BC04-BCEE0EEB1AAE}.Debug|iPhoneSimulator.ActiveCfg = Debug|Any CPU
		{4314B5BC-DA10-4E68-BC04-BCEE0EEB1AAE}.Debug|iPhoneSimulator.Build.0 = Debug|Any CPU
		{4314B5BC-DA10-4E68-BC04-BCEE0EEB1AAE}.Debug|iPhoneSimulator.Deploy.0 = Debug|Any CPU
		{4314B5BC-DA10-4E68-BC04-BCEE0EEB1AAE}.Release|Any CPU.ActiveCfg = Release|Any CPU
		{4314B5BC-DA10-4E68-BC04-BCEE0EEB1AAE}.Release|Any CPU.Build.0 = Release|Any CPU
		{4314B5BC-DA10-4E68-BC04-BCEE0EEB1AAE}.Release|Any CPU.Deploy.0 = Release|Any CPU
		{4314B5BC-DA10-4E68-BC04-BCEE0EEB1AAE}.Release|iPhone.ActiveCfg = Release|Any CPU
		{4314B5BC-DA10-4E68-BC04-BCEE0EEB1AAE}.Release|iPhone.Build.0 = Release|Any CPU
		{4314B5BC-DA10-4E68-BC04-BCEE0EEB1AAE}.Release|iPhone.Deploy.0 = Release|Any CPU
		{4314B5BC-DA10-4E68-BC04-BCEE0EEB1AAE}.Release|iPhoneSimulator.ActiveCfg = Release|Any CPU
		{4314B5BC-DA10-4E68-BC04-BCEE0EEB1AAE}.Release|iPhoneSimulator.Build.0 = Release|Any CPU
		{4314B5BC-DA10-4E68-BC04-BCEE0EEB1AAE}.Release|iPhoneSimulator.Deploy.0 = Release|Any CPU
	EndGlobalSection
	GlobalSection(SolutionProperties) = preSolution
		HideSolutionNode = FALSE
	EndGlobalSection
	GlobalSection(ExtensibilityGlobals) = postSolution
		SolutionGuid = {75EABFC6-A6A4-4FF7-85E4-E04C1CCD15A3}
	EndGlobalSection
EndGlobal
